// !$*UTF8*$!
{
	archiveVersion = 1;
	classes = {
	};
	objectVersion = 46;
	objects = {

/* Begin PBXBuildFile section */
		5C0AC3731AAF6AF300B41B5C /* Foundation.framework in Frameworks */ = {isa = PBXBuildFile; fileRef = 5C0AC3721AAF6AF300B41B5C /* Foundation.framework */; };
		5C0AC3751AAF6AF300B41B5C /* CoreGraphics.framework in Frameworks */ = {isa = PBXBuildFile; fileRef = 5C0AC3741AAF6AF300B41B5C /* CoreGraphics.framework */; };
		5C0AC3771AAF6AF300B41B5C /* UIKit.framework in Frameworks */ = {isa = PBXBuildFile; fileRef = 5C0AC3761AAF6AF300B41B5C /* UIKit.framework */; };
		5C0AC37D1AAF6AF300B41B5C /* InfoPlist.strings in Resources */ = {isa = PBXBuildFile; fileRef = 5C0AC37B1AAF6AF300B41B5C /* InfoPlist.strings */; };
		5C0AC37F1AAF6AF300B41B5C /* main.m in Sources */ = {isa = PBXBuildFile; fileRef = 5C0AC37E1AAF6AF300B41B5C /* main.m */; };
		5C0AC3831AAF6AF300B41B5C /* AppDelegate.m in Sources */ = {isa = PBXBuildFile; fileRef = 5C0AC3821AAF6AF300B41B5C /* AppDelegate.m */; };
		5C0AC3861AAF6AF300B41B5C /* Main.storyboard in Resources */ = {isa = PBXBuildFile; fileRef = 5C0AC3841AAF6AF300B41B5C /* Main.storyboard */; };
		5C0AC3891AAF6AF300B41B5C /* ViewController.m in Sources */ = {isa = PBXBuildFile; fileRef = 5C0AC3881AAF6AF300B41B5C /* ViewController.m */; };
		5C0AC38B1AAF6AF300B41B5C /* Images.xcassets in Resources */ = {isa = PBXBuildFile; fileRef = 5C0AC38A1AAF6AF300B41B5C /* Images.xcassets */; };
		5C0AC3921AAF6AF400B41B5C /* XCTest.framework in Frameworks */ = {isa = PBXBuildFile; fileRef = 5C0AC3911AAF6AF400B41B5C /* XCTest.framework */; };
		5C0AC3931AAF6AF400B41B5C /* Foundation.framework in Frameworks */ = {isa = PBXBuildFile; fileRef = 5C0AC3721AAF6AF300B41B5C /* Foundation.framework */; };
		5C0AC3941AAF6AF400B41B5C /* UIKit.framework in Frameworks */ = {isa = PBXBuildFile; fileRef = 5C0AC3761AAF6AF300B41B5C /* UIKit.framework */; };
		5C0AC39C1AAF6AF400B41B5C /* InfoPlist.strings in Resources */ = {isa = PBXBuildFile; fileRef = 5C0AC39A1AAF6AF400B41B5C /* InfoPlist.strings */; };
		5C0AC39E1AAF6AF400B41B5C /* PriceForMeTests.m in Sources */ = {isa = PBXBuildFile; fileRef = 5C0AC39D1AAF6AF400B41B5C /* PriceForMeTests.m */; };
/* End PBXBuildFile section */

/* Begin PBXContainerItemProxy section */
		5C0AC3951AAF6AF400B41B5C /* PBXContainerItemProxy */ = {
			isa = PBXContainerItemProxy;
			containerPortal = 5C0AC3671AAF6AF300B41B5C /* Project object */;
			proxyType = 1;
			remoteGlobalIDString = 5C0AC36E1AAF6AF300B41B5C;
			remoteInfo = PriceForMe;
		};
/* End PBXContainerItemProxy section */

/* Begin PBXFileReference section */
		5C0AC36F1AAF6AF300B41B5C /* PriceForMe.app */ = {isa = PBXFileReference; explicitFileType = wrapper.application; includeInIndex = 0; path = PriceForMe.app; sourceTree = BUILT_PRODUCTS_DIR; };
		5C0AC3721AAF6AF300B41B5C /* Foundation.framework */ = {isa = PBXFileReference; lastKnownFileType = wrapper.framework; name = Foundation.framework; path = System/Library/Frameworks/Foundation.framework; sourceTree = SDKROOT; };
		5C0AC3741AAF6AF300B41B5C /* CoreGraphics.framework */ = {isa = PBXFileReference; lastKnownFileType = wrapper.framework; name = CoreGraphics.framework; path = System/Library/Frameworks/CoreGraphics.framework; sourceTree = SDKROOT; };
		5C0AC3761AAF6AF300B41B5C /* UIKit.framework */ = {isa = PBXFileReference; lastKnownFileType = wrapper.framework; name = UIKit.framework; path = System/Library/Frameworks/UIKit.framework; sourceTree = SDKROOT; };
		5C0AC37A1AAF6AF300B41B5C /* PriceForMe-Info.plist */ = {isa = PBXFileReference; lastKnownFileType = text.plist.xml; path = "PriceForMe-Info.plist"; sourceTree = "<group>"; };
		5C0AC37C1AAF6AF300B41B5C /* en */ = {isa = PBXFileReference; lastKnownFileType = text.plist.strings; name = en; path = en.lproj/InfoPlist.strings; sourceTree = "<group>"; };
		5C0AC37E1AAF6AF300B41B5C /* main.m */ = {isa = PBXFileReference; lastKnownFileType = sourcecode.c.objc; path = main.m; sourceTree = "<group>"; };
		5C0AC3801AAF6AF300B41B5C /* PriceForMe-Prefix.pch */ = {isa = PBXFileReference; lastKnownFileType = sourcecode.c.h; path = "PriceForMe-Prefix.pch"; sourceTree = "<group>"; };
		5C0AC3811AAF6AF300B41B5C /* AppDelegate.h */ = {isa = PBXFileReference; lastKnownFileType = sourcecode.c.h; path = AppDelegate.h; sourceTree = "<group>"; };
		5C0AC3821AAF6AF300B41B5C /* AppDelegate.m */ = {isa = PBXFileReference; lastKnownFileType = sourcecode.c.objc; path = AppDelegate.m; sourceTree = "<group>"; };
		5C0AC3851AAF6AF300B41B5C /* Base */ = {isa = PBXFileReference; lastKnownFileType = file.storyboard; name = Base; path = Base.lproj/Main.storyboard; sourceTree = "<group>"; };
		5C0AC3871AAF6AF300B41B5C /* ViewController.h */ = {isa = PBXFileReference; lastKnownFileType = sourcecode.c.h; path = ViewController.h; sourceTree = "<group>"; };
		5C0AC3881AAF6AF300B41B5C /* ViewController.m */ = {isa = PBXFileReference; lastKnownFileType = sourcecode.c.objc; path = ViewController.m; sourceTree = "<group>"; };
		5C0AC38A1AAF6AF300B41B5C /* Images.xcassets */ = {isa = PBXFileReference; lastKnownFileType = folder.assetcatalog; path = Images.xcassets; sourceTree = "<group>"; };
		5C0AC3901AAF6AF400B41B5C /* PriceForMeTests.xctest */ = {isa = PBXFileReference; explicitFileType = wrapper.cfbundle; includeInIndex = 0; path = PriceForMeTests.xctest; sourceTree = BUILT_PRODUCTS_DIR; };
		5C0AC3911AAF6AF400B41B5C /* XCTest.framework */ = {isa = PBXFileReference; lastKnownFileType = wrapper.framework; name = XCTest.framework; path = Library/Frameworks/XCTest.framework; sourceTree = DEVELOPER_DIR; };
		5C0AC3991AAF6AF400B41B5C /* PriceForMeTests-Info.plist */ = {isa = PBXFileReference; lastKnownFileType = text.plist.xml; path = "PriceForMeTests-Info.plist"; sourceTree = "<group>"; };
		5C0AC39B1AAF6AF400B41B5C /* en */ = {isa = PBXFileReference; lastKnownFileType = text.plist.strings; name = en; path = en.lproj/InfoPlist.strings; sourceTree = "<group>"; };
		5C0AC39D1AAF6AF400B41B5C /* PriceForMeTests.m */ = {isa = PBXFileReference; lastKnownFileType = sourcecode.c.objc; path = PriceForMeTests.m; sourceTree = "<group>"; };
/* End PBXFileReference section */

/* Begin PBXFrameworksBuildPhase section */
		5C0AC36C1AAF6AF300B41B5C /* Frameworks */ = {
			isa = PBXFrameworksBuildPhase;
			buildActionMask = 2147483647;
			files = (
				5C0AC3751AAF6AF300B41B5C /* CoreGraphics.framework in Frameworks */,
				5C0AC3771AAF6AF300B41B5C /* UIKit.framework in Frameworks */,
				5C0AC3731AAF6AF300B41B5C /* Foundation.framework in Frameworks */,
			);
			runOnlyForDeploymentPostprocessing = 0;
		};
		5C0AC38D1AAF6AF400B41B5C /* Frameworks */ = {
			isa = PBXFrameworksBuildPhase;
			buildActionMask = 2147483647;
			files = (
				5C0AC3921AAF6AF400B41B5C /* XCTest.framework in Frameworks */,
				5C0AC3941AAF6AF400B41B5C /* UIKit.framework in Frameworks */,
				5C0AC3931AAF6AF400B41B5C /* Foundation.framework in Frameworks */,
			);
			runOnlyForDeploymentPostprocessing = 0;
		};
/* End PBXFrameworksBuildPhase section */

/* Begin PBXGroup section */
		5C0AC3661AAF6AF300B41B5C = {
			isa = PBXGroup;
			children = (
				5C0AC3781AAF6AF300B41B5C /* PriceForMe */,
				5C0AC3971AAF6AF400B41B5C /* PriceForMeTests */,
				5C0AC3711AAF6AF300B41B5C /* Frameworks */,
				5C0AC3701AAF6AF300B41B5C /* Products */,
			);
			sourceTree = "<group>";
		};
		5C0AC3701AAF6AF300B41B5C /* Products */ = {
			isa = PBXGroup;
			children = (
				5C0AC36F1AAF6AF300B41B5C /* PriceForMe.app */,
				5C0AC3901AAF6AF400B41B5C /* PriceForMeTests.xctest */,
			);
			name = Products;
			sourceTree = "<group>";
		};
		5C0AC3711AAF6AF300B41B5C /* Frameworks */ = {
			isa = PBXGroup;
			children = (
				5C0AC3721AAF6AF300B41B5C /* Foundation.framework */,
				5C0AC3741AAF6AF300B41B5C /* CoreGraphics.framework */,
				5C0AC3761AAF6AF300B41B5C /* UIKit.framework */,
				5C0AC3911AAF6AF400B41B5C /* XCTest.framework */,
			);
			name = Frameworks;
			sourceTree = "<group>";
		};
		5C0AC3781AAF6AF300B41B5C /* PriceForMe */ = {
			isa = PBXGroup;
			children = (
				5C0AC3811AAF6AF300B41B5C /* AppDelegate.h */,
				5C0AC3821AAF6AF300B41B5C /* AppDelegate.m */,
				5C0AC3841AAF6AF300B41B5C /* Main.storyboard */,
				5C0AC3871AAF6AF300B41B5C /* ViewController.h */,
				5C0AC3881AAF6AF300B41B5C /* ViewController.m */,
				5C0AC38A1AAF6AF300B41B5C /* Images.xcassets */,
				5C0AC3791AAF6AF300B41B5C /* Supporting Files */,
			);
			path = PriceForMe;
			sourceTree = "<group>";
		};
		5C0AC3791AAF6AF300B41B5C /* Supporting Files */ = {
			isa = PBXGroup;
			children = (
				5C0AC37A1AAF6AF300B41B5C /* PriceForMe-Info.plist */,
				5C0AC37B1AAF6AF300B41B5C /* InfoPlist.strings */,
				5C0AC37E1AAF6AF300B41B5C /* main.m */,
				5C0AC3801AAF6AF300B41B5C /* PriceForMe-Prefix.pch */,
			);
			name = "Supporting Files";
			sourceTree = "<group>";
		};
		5C0AC3971AAF6AF400B41B5C /* PriceForMeTests */ = {
			isa = PBXGroup;
			children = (
				5C0AC39D1AAF6AF400B41B5C /* PriceForMeTests.m */,
				5C0AC3981AAF6AF400B41B5C /* Supporting Files */,
			);
			path = PriceForMeTests;
			sourceTree = "<group>";
		};
		5C0AC3981AAF6AF400B41B5C /* Supporting Files */ = {
			isa = PBXGroup;
			children = (
				5C0AC3991AAF6AF400B41B5C /* PriceForMeTests-Info.plist */,
				5C0AC39A1AAF6AF400B41B5C /* InfoPlist.strings */,
			);
			name = "Supporting Files";
			sourceTree = "<group>";
		};
/* End PBXGroup section */

/* Begin PBXNativeTarget section */
		5C0AC36E1AAF6AF300B41B5C /* PriceForMe */ = {
			isa = PBXNativeTarget;
			buildConfigurationList = 5C0AC3A11AAF6AF400B41B5C /* Build configuration list for PBXNativeTarget "PriceForMe" */;
			buildPhases = (
				5C0AC36B1AAF6AF300B41B5C /* Sources */,
				5C0AC36C1AAF6AF300B41B5C /* Frameworks */,
				5C0AC36D1AAF6AF300B41B5C /* Resources */,
			);
			buildRules = (
			);
			dependencies = (
			);
			name = PriceForMe;
			productName = PriceForMe;
			productReference = 5C0AC36F1AAF6AF300B41B5C /* PriceForMe.app */;
			productType = "com.apple.product-type.application";
		};
		5C0AC38F1AAF6AF400B41B5C /* PriceForMeTests */ = {
			isa = PBXNativeTarget;
			buildConfigurationList = 5C0AC3A41AAF6AF400B41B5C /* Build configuration list for PBXNativeTarget "PriceForMeTests" */;
			buildPhases = (
				5C0AC38C1AAF6AF400B41B5C /* Sources */,
				5C0AC38D1AAF6AF400B41B5C /* Frameworks */,
				5C0AC38E1AAF6AF400B41B5C /* Resources */,
			);
			buildRules = (
			);
			dependencies = (
				5C0AC3961AAF6AF400B41B5C /* PBXTargetDependency */,
			);
			name = PriceForMeTests;
			productName = PriceForMeTests;
			productReference = 5C0AC3901AAF6AF400B41B5C /* PriceForMeTests.xctest */;
			productType = "com.apple.product-type.bundle.unit-test";
		};
/* End PBXNativeTarget section */

/* Begin PBXProject section */
		5C0AC3671AAF6AF300B41B5C /* Project object */ = {
			isa = PBXProject;
			attributes = {
				LastUpgradeCheck = 0510;
				ORGANIZATIONNAME = PriceForMe;
				TargetAttributes = {
					5C0AC38F1AAF6AF400B41B5C = {
						TestTargetID = 5C0AC36E1AAF6AF300B41B5C;
					};
				};
			};
			buildConfigurationList = 5C0AC36A1AAF6AF300B41B5C /* Build configuration list for PBXProject "PriceForMe" */;
			compatibilityVersion = "Xcode 3.2";
			developmentRegion = English;
			hasScannedForEncodings = 0;
			knownRegions = (
				en,
				Base,
			);
			mainGroup = 5C0AC3661AAF6AF300B41B5C;
			productRefGroup = 5C0AC3701AAF6AF300B41B5C /* Products */;
			projectDirPath = "";
			projectRoot = "";
			targets = (
				5C0AC36E1AAF6AF300B41B5C /* PriceForMe */,
				5C0AC38F1AAF6AF400B41B5C /* PriceForMeTests */,
			);
		};
/* End PBXProject section */

/* Begin PBXResourcesBuildPhase section */
		5C0AC36D1AAF6AF300B41B5C /* Resources */ = {
			isa = PBXResourcesBuildPhase;
			buildActionMask = 2147483647;
			files = (
				5C0AC38B1AAF6AF300B41B5C /* Images.xcassets in Resources */,
				5C0AC37D1AAF6AF300B41B5C /* InfoPlist.strings in Resources */,
				5C0AC3861AAF6AF300B41B5C /* Main.storyboard in Resources */,
			);
			runOnlyForDeploymentPostprocessing = 0;
		};
		5C0AC38E1AAF6AF400B41B5C /* Resources */ = {
			isa = PBXResourcesBuildPhase;
			buildActionMask = 2147483647;
			files = (
				5C0AC39C1AAF6AF400B41B5C /* InfoPlist.strings in Resources */,
			);
			runOnlyForDeploymentPostprocessing = 0;
		};
/* End PBXResourcesBuildPhase section */

/* Begin PBXSourcesBuildPhase section */
		5C0AC36B1AAF6AF300B41B5C /* Sources */ = {
			isa = PBXSourcesBuildPhase;
			buildActionMask = 2147483647;
			files = (
				5C0AC3891AAF6AF300B41B5C /* ViewController.m in Sources */,
				5C0AC3831AAF6AF300B41B5C /* AppDelegate.m in Sources */,
				5C0AC37F1AAF6AF300B41B5C /* main.m in Sources */,
			);
			runOnlyForDeploymentPostprocessing = 0;
		};
		5C0AC38C1AAF6AF400B41B5C /* Sources */ = {
			isa = PBXSourcesBuildPhase;
			buildActionMask = 2147483647;
			files = (
				5C0AC39E1AAF6AF400B41B5C /* PriceForMeTests.m in Sources */,
			);
			runOnlyForDeploymentPostprocessing = 0;
		};
/* End PBXSourcesBuildPhase section */

/* Begin PBXTargetDependency section */
		5C0AC3961AAF6AF400B41B5C /* PBXTargetDependency */ = {
			isa = PBXTargetDependency;
			target = 5C0AC36E1AAF6AF300B41B5C /* PriceForMe */;
			targetProxy = 5C0AC3951AAF6AF400B41B5C /* PBXContainerItemProxy */;
		};
/* End PBXTargetDependency section */

/* Begin PBXVariantGroup section */
		5C0AC37B1AAF6AF300B41B5C /* InfoPlist.strings */ = {
			isa = PBXVariantGroup;
			children = (
				5C0AC37C1AAF6AF300B41B5C /* en */,
			);
			name = InfoPlist.strings;
			sourceTree = "<group>";
		};
		5C0AC3841AAF6AF300B41B5C /* Main.storyboard */ = {
			isa = PBXVariantGroup;
			children = (
				5C0AC3851AAF6AF300B41B5C /* Base */,
			);
			name = Main.storyboard;
			sourceTree = "<group>";
		};
		5C0AC39A1AAF6AF400B41B5C /* InfoPlist.strings */ = {
			isa = PBXVariantGroup;
			children = (
				5C0AC39B1AAF6AF400B41B5C /* en */,
			);
			name = InfoPlist.strings;
			sourceTree = "<group>";
		};
/* End PBXVariantGroup section */

/* Begin XCBuildConfiguration section */
		5C0AC39F1AAF6AF400B41B5C /* Debug */ = {
			isa = XCBuildConfiguration;
			buildSettings = {
				ALWAYS_SEARCH_USER_PATHS = NO;
				CLANG_CXX_LANGUAGE_STANDARD = "gnu++0x";
				CLANG_CXX_LIBRARY = "libc++";
				CLANG_ENABLE_MODULES = YES;
				CLANG_ENABLE_OBJC_ARC = YES;
				CLANG_WARN_BOOL_CONVERSION = YES;
				CLANG_WARN_CONSTANT_CONVERSION = YES;
				CLANG_WARN_DIRECT_OBJC_ISA_USAGE = YES_ERROR;
				CLANG_WARN_EMPTY_BODY = YES;
				CLANG_WARN_ENUM_CONVERSION = YES;
				CLANG_WARN_INT_CONVERSION = YES;
				CLANG_WARN_OBJC_ROOT_CLASS = YES_ERROR;
				CLANG_WARN__DUPLICATE_METHOD_MATCH = YES;
				"CODE_SIGN_IDENTITY[sdk=iphoneos*]" = "iPhone Developer";
				COPY_PHASE_STRIP = NO;
				GCC_C_LANGUAGE_STANDARD = gnu99;
				GCC_DYNAMIC_NO_PIC = NO;
				GCC_OPTIMIZATION_LEVEL = 0;
				GCC_PREPROCESSOR_DEFINITIONS = (
					"DEBUG=1",
					"$(inherited)",
				);
				GCC_SYMBOLS_PRIVATE_EXTERN = NO;
				GCC_WARN_64_TO_32_BIT_CONVERSION = YES;
				GCC_WARN_ABOUT_RETURN_TYPE = YES_ERROR;
				GCC_WARN_UNDECLARED_SELECTOR = YES;
				GCC_WARN_UNINITIALIZED_AUTOS = YES_AGGRESSIVE;
				GCC_WARN_UNUSED_FUNCTION = YES;
				GCC_WARN_UNUSED_VARIABLE = YES;
				IPHONEOS_DEPLOYMENT_TARGET = 7.1;
				ONLY_ACTIVE_ARCH = YES;
				SDKROOT = iphoneos;
			};
			name = Debug;
		};
		5C0AC3A01AAF6AF400B41B5C /* Release */ = {
			isa = XCBuildConfiguration;
			buildSettings = {
				ALWAYS_SEARCH_USER_PATHS = NO;
				CLANG_CXX_LANGUAGE_STANDARD = "gnu++0x";
				CLANG_CXX_LIBRARY = "libc++";
				CLANG_ENABLE_MODULES = YES;
				CLANG_ENABLE_OBJC_ARC = YES;
				CLANG_WARN_BOOL_CONVERSION = YES;
				CLANG_WARN_CONSTANT_CONVERSION = YES;
				CLANG_WARN_DIRECT_OBJC_ISA_USAGE = YES_ERROR;
				CLANG_WARN_EMPTY_BODY = YES;
				CLANG_WARN_ENUM_CONVERSION = YES;
				CLANG_WARN_INT_CONVERSION = YES;
				CLANG_WARN_OBJC_ROOT_CLASS = YES_ERROR;
				CLANG_WARN__DUPLICATE_METHOD_MATCH = YES;
				"CODE_SIGN_IDENTITY[sdk=iphoneos*]" = "iPhone Developer";
				COPY_PHASE_STRIP = YES;
				ENABLE_NS_ASSERTIONS = NO;
				GCC_C_LANGUAGE_STANDARD = gnu99;
				GCC_WARN_64_TO_32_BIT_CONVERSION = YES;
				GCC_WARN_ABOUT_RETURN_TYPE = YES_ERROR;
				GCC_WARN_UNDECLARED_SELECTOR = YES;
				GCC_WARN_UNINITIALIZED_AUTOS = YES_AGGRESSIVE;
				GCC_WARN_UNUSED_FUNCTION = YES;
				GCC_WARN_UNUSED_VARIABLE = YES;
				IPHONEOS_DEPLOYMENT_TARGET = 7.1;
				SDKROOT = iphoneos;
				VALIDATE_PRODUCT = YES;
			};
			name = Release;
		};
		5C0AC3A21AAF6AF400B41B5C /* Debug */ = {
			isa = XCBuildConfiguration;
			buildSettings = {
				ASSETCATALOG_COMPILER_APPICON_NAME = AppIcon;
				ASSETCATALOG_COMPILER_LAUNCHIMAGE_NAME = LaunchImage;
				GCC_PRECOMPILE_PREFIX_HEADER = YES;
				GCC_PREFIX_HEADER = "PriceForMe/PriceForMe-Prefix.pch";
				INFOPLIST_FILE = "PriceForMe/PriceForMe-Info.plist";
				PRODUCT_NAME = "$(TARGET_NAME)";
				WRAPPER_EXTENSION = app;
			};
			name = Debug;
		};
		5C0AC3A31AAF6AF400B41B5C /* Release */ = {
			isa = XCBuildConfiguration;
			buildSettings = {
				ASSETCATALOG_COMPILER_APPICON_NAME = AppIcon;
				ASSETCATALOG_COMPILER_LAUNCHIMAGE_NAME = LaunchImage;
				GCC_PRECOMPILE_PREFIX_HEADER = YES;
				GCC_PREFIX_HEADER = "PriceForMe/PriceForMe-Prefix.pch";
				INFOPLIST_FILE = "PriceForMe/PriceForMe-Info.plist";
				PRODUCT_NAME = "$(TARGET_NAME)";
				WRAPPER_EXTENSION = app;
			};
			name = Release;
		};
		5C0AC3A51AAF6AF400B41B5C /* Debug */ = {
			isa = XCBuildConfiguration;
			buildSettings = {
				BUNDLE_LOADER = "$(BUILT_PRODUCTS_DIR)/PriceForMe.app/PriceForMe";
				FRAMEWORK_SEARCH_PATHS = (
					"$(SDKROOT)/Developer/Library/Frameworks",
					"$(inherited)",
					"$(DEVELOPER_FRAMEWORKS_DIR)",
				);
				GCC_PRECOMPILE_PREFIX_HEADER = YES;
				GCC_PREFIX_HEADER = "PriceForMe/PriceForMe-Prefix.pch";
				GCC_PREPROCESSOR_DEFINITIONS = (
					"DEBUG=1",
					"$(inherited)",
				);
				INFOPLIST_FILE = "PriceForMeTests/PriceForMeTests-Info.plist";
				PRODUCT_NAME = "$(TARGET_NAME)";
				TEST_HOST = "$(BUNDLE_LOADER)";
				WRAPPER_EXTENSION = xctest;
			};
			name = Debug;
		};
		5C0AC3A61AAF6AF400B41B5C /* Release */ = {
			isa = XCBuildConfiguration;
			buildSettings = {
				BUNDLE_LOADER = "$(BUILT_PRODUCTS_DIR)/PriceForMe.app/PriceForMe";
				FRAMEWORK_SEARCH_PATHS = (
					"$(SDKROOT)/Developer/Library/Frameworks",
					"$(inherited)",
					"$(DEVELOPER_FRAMEWORKS_DIR)",
				);
				GCC_PRECOMPILE_PREFIX_HEADER = YES;
				GCC_PREFIX_HEADER = "PriceForMe/PriceForMe-Prefix.pch";
				INFOPLIST_FILE = "PriceForMeTests/PriceForMeTests-Info.plist";
				PRODUCT_NAME = "$(TARGET_NAME)";
				TEST_HOST = "$(BUNDLE_LOADER)";
				WRAPPER_EXTENSION = xctest;
			};
			name = Release;
		};
/* End XCBuildConfiguration section */

/* Begin XCConfigurationList section */
		5C0AC36A1AAF6AF300B41B5C /* Build configuration list for PBXProject "PriceForMe" */ = {
			isa = XCConfigurationList;
			buildConfigurations = (
				5C0AC39F1AAF6AF400B41B5C /* Debug */,
				5C0AC3A01AAF6AF400B41B5C /* Release */,
			);
			defaultConfigurationIsVisible = 0;
			defaultConfigurationName = Release;
		};
		5C0AC3A11AAF6AF400B41B5C /* Build configuration list for PBXNativeTarget "PriceForMe" */ = {
			isa = XCConfigurationList;
			buildConfigurations = (
				5C0AC3A21AAF6AF400B41B5C /* Debug */,
				5C0AC3A31AAF6AF400B41B5C /* Release */,
			);
			defaultConfigurationIsVisible = 0;
		};
		5C0AC3A41AAF6AF400B41B5C /* Build configuration list for PBXNativeTarget "PriceForMeTests" */ = {
			isa = XCConfigurationList;
			buildConfigurations = (
				5C0AC3A51AAF6AF400B41B5C /* Debug */,
				5C0AC3A61AAF6AF400B41B5C /* Release */,
			);
			defaultConfigurationIsVisible = 0;
		};
/* End XCConfigurationList section */
	};
	rootObject = 5C0AC3671AAF6AF300B41B5C /* Project object */;
}
